// !$*UTF8*$!
{
	archiveVersion = 1;
	classes = {
	};
	objectVersion = 48;
	objects = {

/* Begin PBXBuildFile section */
		C57CF7721FCFAA29009237DF /* AppDelegate.m in Sources */ = {isa = PBXBuildFile; fileRef = C57CF7711FCFAA29009237DF /* AppDelegate.m */; };
		C57CF7751FCFAA29009237DF /* ViewController.m in Sources */ = {isa = PBXBuildFile; fileRef = C57CF7741FCFAA29009237DF /* ViewController.m */; };
		C57CF7781FCFAA29009237DF /* Main.storyboard in Resources */ = {isa = PBXBuildFile; fileRef = C57CF7761FCFAA29009237DF /* Main.storyboard */; };
		C57CF77A1FCFAA29009237DF /* Assets.xcassets in Resources */ = {isa = PBXBuildFile; fileRef = C57CF7791FCFAA29009237DF /* Assets.xcassets */; };
		C57CF77D1FCFAA29009237DF /* LaunchScreen.storyboard in Resources */ = {isa = PBXBuildFile; fileRef = C57CF77B1FCFAA29009237DF /* LaunchScreen.storyboard */; };
		C57CF7801FCFAA29009237DF /* main.m in Sources */ = {isa = PBXBuildFile; fileRef = C57CF77F1FCFAA29009237DF /* main.m */; };
		C57CF78A1FCFAA29009237DF /* zhonxinV2Tests.m in Sources */ = {isa = PBXBuildFile; fileRef = C57CF7891FCFAA29009237DF /* zhonxinV2Tests.m */; };
		C57CF7951FCFAA29009237DF /* zhonxinV2UITests.m in Sources */ = {isa = PBXBuildFile; fileRef = C57CF7941FCFAA29009237DF /* zhonxinV2UITests.m */; };
/* End PBXBuildFile section */

/* Begin PBXContainerItemProxy section */
		C57CF7861FCFAA29009237DF /* PBXContainerItemProxy */ = {
			isa = PBXContainerItemProxy;
			containerPortal = C57CF7651FCFAA29009237DF /* Project object */;
			proxyType = 1;
			remoteGlobalIDString = C57CF76C1FCFAA29009237DF;
			remoteInfo = zhonxinV2;
		};
		C57CF7911FCFAA29009237DF /* PBXContainerItemProxy */ = {
			isa = PBXContainerItemProxy;
			containerPortal = C57CF7651FCFAA29009237DF /* Project object */;
			proxyType = 1;
			remoteGlobalIDString = C57CF76C1FCFAA29009237DF;
			remoteInfo = zhonxinV2;
		};
/* End PBXContainerItemProxy section */

/* Begin PBXFileReference section */
		C57CF76D1FCFAA29009237DF /* zhonxinV2.app */ = {isa = PBXFileReference; explicitFileType = wrapper.application; includeInIndex = 0; path = zhonxinV2.app; sourceTree = BUILT_PRODUCTS_DIR; };
		C57CF7701FCFAA29009237DF /* AppDelegate.h */ = {isa = PBXFileReference; lastKnownFileType = sourcecode.c.h; path = AppDelegate.h; sourceTree = "<group>"; };
		C57CF7711FCFAA29009237DF /* AppDelegate.m */ = {isa = PBXFileReference; lastKnownFileType = sourcecode.c.objc; path = AppDelegate.m; sourceTree = "<group>"; };
		C57CF7731FCFAA29009237DF /* ViewController.h */ = {isa = PBXFileReference; lastKnownFileType = sourcecode.c.h; path = ViewController.h; sourceTree = "<group>"; };
		C57CF7741FCFAA29009237DF /* ViewController.m */ = {isa = PBXFileReference; lastKnownFileType = sourcecode.c.objc; path = ViewController.m; sourceTree = "<group>"; };
		C57CF7771FCFAA29009237DF /* Base */ = {isa = PBXFileReference; lastKnownFileType = file.storyboard; name = Base; path = Base.lproj/Main.storyboard; sourceTree = "<group>"; };
		C57CF7791FCFAA29009237DF /* Assets.xcassets */ = {isa = PBXFileReference; lastKnownFileType = folder.assetcatalog; path = Assets.xcassets; sourceTree = "<group>"; };
		C57CF77C1FCFAA29009237DF /* Base */ = {isa = PBXFileReference; lastKnownFileType = file.storyboard; name = Base; path = Base.lproj/LaunchScreen.storyboard; sourceTree = "<group>"; };
		C57CF77E1FCFAA29009237DF /* Info.plist */ = {isa = PBXFileReference; lastKnownFileType = text.plist.xml; path = Info.plist; sourceTree = "<group>"; };
		C57CF77F1FCFAA29009237DF /* main.m */ = {isa = PBXFileReference; lastKnownFileType = sourcecode.c.objc; path = main.m; sourceTree = "<group>"; };
		C57CF7851FCFAA29009237DF /* zhonxinV2Tests.xctest */ = {isa = PBXFileReference; explicitFileType = wrapper.cfbundle; includeInIndex = 0; path = zhonxinV2Tests.xctest; sourceTree = BUILT_PRODUCTS_DIR; };
		C57CF7891FCFAA29009237DF /* zhonxinV2Tests.m */ = {isa = PBXFileReference; lastKnownFileType = sourcecode.c.objc; path = zhonxinV2Tests.m; sourceTree = "<group>"; };
		C57CF78B1FCFAA29009237DF /* Info.plist */ = {isa = PBXFileReference; lastKnownFileType = text.plist.xml; path = Info.plist; sourceTree = "<group>"; };
		C57CF7901FCFAA29009237DF /* zhonxinV2UITests.xctest */ = {isa = PBXFileReference; explicitFileType = wrapper.cfbundle; includeInIndex = 0; path = zhonxinV2UITests.xctest; sourceTree = BUILT_PRODUCTS_DIR; };
		C57CF7941FCFAA29009237DF /* zhonxinV2UITests.m */ = {isa = PBXFileReference; lastKnownFileType = sourcecode.c.objc; path = zhonxinV2UITests.m; sourceTree = "<group>"; };
		C57CF7961FCFAA29009237DF /* Info.plist */ = {isa = PBXFileReference; lastKnownFileType = text.plist.xml; path = Info.plist; sourceTree = "<group>"; };
/* End PBXFileReference section */

/* Begin PBXFrameworksBuildPhase section */
		C57CF76A1FCFAA29009237DF /* Frameworks */ = {
			isa = PBXFrameworksBuildPhase;
			buildActionMask = 2147483647;
			files = (
			);
			runOnlyForDeploymentPostprocessing = 0;
		};
		C57CF7821FCFAA29009237DF /* Frameworks */ = {
			isa = PBXFrameworksBuildPhase;
			buildActionMask = 2147483647;
			files = (
			);
			runOnlyForDeploymentPostprocessing = 0;
		};
		C57CF78D1FCFAA29009237DF /* Frameworks */ = {
			isa = PBXFrameworksBuildPhase;
			buildActionMask = 2147483647;
			files = (
			);
			runOnlyForDeploymentPostprocessing = 0;
		};
/* End PBXFrameworksBuildPhase section */

/* Begin PBXGroup section */
		C57CF7641FCFAA29009237DF = {
			isa = PBXGroup;
			children = (
				C57CF76F1FCFAA29009237DF /* zhonxinV2 */,
				C57CF7881FCFAA29009237DF /* zhonxinV2Tests */,
				C57CF7931FCFAA29009237DF /* zhonxinV2UITests */,
				C57CF76E1FCFAA29009237DF /* Products */,
			);
			sourceTree = "<group>";
		};
		C57CF76E1FCFAA29009237DF /* Products */ = {
			isa = PBXGroup;
			children = (
				C57CF76D1FCFAA29009237DF /* zhonxinV2.app */,
				C57CF7851FCFAA29009237DF /* zhonxinV2Tests.xctest */,
				C57CF7901FCFAA29009237DF /* zhonxinV2UITests.xctest */,
			);
			name = Products;
			sourceTree = "<group>";
		};
		C57CF76F1FCFAA29009237DF /* zhonxinV2 */ = {
			isa = PBXGroup;
			children = (
				C57CF7701FCFAA29009237DF /* AppDelegate.h */,
				C57CF7711FCFAA29009237DF /* AppDelegate.m */,
				C57CF7731FCFAA29009237DF /* ViewController.h */,
				C57CF7741FCFAA29009237DF /* ViewController.m */,
				C57CF7761FCFAA29009237DF /* Main.storyboard */,
				C57CF7791FCFAA29009237DF /* Assets.xcassets */,
				C57CF77B1FCFAA29009237DF /* LaunchScreen.storyboard */,
				C57CF77E1FCFAA29009237DF /* Info.plist */,
				C57CF77F1FCFAA29009237DF /* main.m */,
			);
			path = zhonxinV2;
			sourceTree = "<group>";
		};
		C57CF7881FCFAA29009237DF /* zhonxinV2Tests */ = {
			isa = PBXGroup;
			children = (
				C57CF7891FCFAA29009237DF /* zhonxinV2Tests.m */,
				C57CF78B1FCFAA29009237DF /* Info.plist */,
			);
			path = zhonxinV2Tests;
			sourceTree = "<group>";
		};
		C57CF7931FCFAA29009237DF /* zhonxinV2UITests */ = {
			isa = PBXGroup;
			children = (
				C57CF7941FCFAA29009237DF /* zhonxinV2UITests.m */,
				C57CF7961FCFAA29009237DF /* Info.plist */,
			);
			path = zhonxinV2UITests;
			sourceTree = "<group>";
		};
/* End PBXGroup section */

/* Begin PBXNativeTarget section */
		C57CF76C1FCFAA29009237DF /* zhonxinV2 */ = {
			isa = PBXNativeTarget;
			buildConfigurationList = C57CF7991FCFAA29009237DF /* Build configuration list for PBXNativeTarget "zhonxinV2" */;
			buildPhases = (
				C57CF7691FCFAA29009237DF /* Sources */,
				C57CF76A1FCFAA29009237DF /* Frameworks */,
				C57CF76B1FCFAA29009237DF /* Resources */,
			);
			buildRules = (
			);
			dependencies = (
			);
			name = zhonxinV2;
			productName = zhonxinV2;
			productReference = C57CF76D1FCFAA29009237DF /* zhonxinV2.app */;
			productType = "com.apple.product-type.application";
		};
		C57CF7841FCFAA29009237DF /* zhonxinV2Tests */ = {
			isa = PBXNativeTarget;
			buildConfigurationList = C57CF79C1FCFAA29009237DF /* Build configuration list for PBXNativeTarget "zhonxinV2Tests" */;
			buildPhases = (
				C57CF7811FCFAA29009237DF /* Sources */,
				C57CF7821FCFAA29009237DF /* Frameworks */,
				C57CF7831FCFAA29009237DF /* Resources */,
			);
			buildRules = (
			);
			dependencies = (
				C57CF7871FCFAA29009237DF /* PBXTargetDependency */,
			);
			name = zhonxinV2Tests;
			productName = zhonxinV2Tests;
			productReference = C57CF7851FCFAA29009237DF /* zhonxinV2Tests.xctest */;
			productType = "com.apple.product-type.bundle.unit-test";
		};
		C57CF78F1FCFAA29009237DF /* zhonxinV2UITests */ = {
			isa = PBXNativeTarget;
			buildConfigurationList = C57CF79F1FCFAA29009237DF /* Build configuration list for PBXNativeTarget "zhonxinV2UITests" */;
			buildPhases = (
				C57CF78C1FCFAA29009237DF /* Sources */,
				C57CF78D1FCFAA29009237DF /* Frameworks */,
				C57CF78E1FCFAA29009237DF /* Resources */,
			);
			buildRules = (
			);
			dependencies = (
				C57CF7921FCFAA29009237DF /* PBXTargetDependency */,
			);
			name = zhonxinV2UITests;
			productName = zhonxinV2UITests;
			productReference = C57CF7901FCFAA29009237DF /* zhonxinV2UITests.xctest */;
			productType = "com.apple.product-type.bundle.ui-testing";
		};
/* End PBXNativeTarget section */

/* Begin PBXProject section */
		C57CF7651FCFAA29009237DF /* Project object */ = {
			isa = PBXProject;
			attributes = {
				LastUpgradeCheck = 0910;
				ORGANIZATIONNAME = "徐迪华";
				TargetAttributes = {
					C57CF76C1FCFAA29009237DF = {
						CreatedOnToolsVersion = 9.1;
						ProvisioningStyle = Automatic;
					};
					C57CF7841FCFAA29009237DF = {
						CreatedOnToolsVersion = 9.1;
						ProvisioningStyle = Automatic;
						TestTargetID = C57CF76C1FCFAA29009237DF;
					};
					C57CF78F1FCFAA29009237DF = {
						CreatedOnToolsVersion = 9.1;
						ProvisioningStyle = Automatic;
						TestTargetID = C57CF76C1FCFAA29009237DF;
					};
				};
			};
			buildConfigurationList = C57CF7681FCFAA29009237DF /* Build configuration list for PBXProject "zhonxinV2" */;
			compatibilityVersion = "Xcode 8.0";
			developmentRegion = en;
			hasScannedForEncodings = 0;
			knownRegions = (
				en,
				Base,
			);
			mainGroup = C57CF7641FCFAA29009237DF;
			productRefGroup = C57CF76E1FCFAA29009237DF /* Products */;
			projectDirPath = "";
			projectRoot = "";
			targets = (
				C57CF76C1FCFAA29009237DF /* zhonxinV2 */,
				C57CF7841FCFAA29009237DF /* zhonxinV2Tests */,
				C57CF78F1FCFAA29009237DF /* zhonxinV2UITests */,
			);
		};
/* End PBXProject section */

/* Begin PBXResourcesBuildPhase section */
		C57CF76B1FCFAA29009237DF /* Resources */ = {
			isa = PBXResourcesBuildPhase;
			buildActionMask = 2147483647;
			files = (
				C57CF77D1FCFAA29009237DF /* LaunchScreen.storyboard in Resources */,
				C57CF77A1FCFAA29009237DF /* Assets.xcassets in Resources */,
				C57CF7781FCFAA29009237DF /* Main.storyboard in Resources */,
			);
			runOnlyForDeploymentPostprocessing = 0;
		};
		C57CF7831FCFAA29009237DF /* Resources */ = {
			isa = PBXResourcesBuildPhase;
			buildActionMask = 2147483647;
			files = (
			);
			runOnlyForDeploymentPostprocessing = 0;
		};
		C57CF78E1FCFAA29009237DF /* Resources */ = {
			isa = PBXResourcesBuildPhase;
			buildActionMask = 2147483647;
			files = (
			);
			runOnlyForDeploymentPostprocessing = 0;
		};
/* End PBXResourcesBuildPhase section */

/* Begin PBXSourcesBuildPhase section */
		C57CF7691FCFAA29009237DF /* Sources */ = {
			isa = PBXSourcesBuildPhase;
			buildActionMask = 2147483647;
			files = (
				C57CF7751FCFAA29009237DF /* ViewController.m in Sources */,
				C57CF7801FCFAA29009237DF /* main.m in Sources */,
				C57CF7721FCFAA29009237DF /* AppDelegate.m in Sources */,
			);
			runOnlyForDeploymentPostprocessing = 0;
		};
		C57CF7811FCFAA29009237DF /* Sources */ = {
			isa = PBXSourcesBuildPhase;
			buildActionMask = 2147483647;
			files = (
				C57CF78A1FCFAA29009237DF /* zhonxinV2Tests.m in Sources */,
			);
			runOnlyForDeploymentPostprocessing = 0;
		};
		C57CF78C1FCFAA29009237DF /* Sources */ = {
			isa = PBXSourcesBuildPhase;
			buildActionMask = 2147483647;
			files = (
				C57CF7951FCFAA29009237DF /* zhonxinV2UITests.m in Sources */,
			);
			runOnlyForDeploymentPostprocessing = 0;
		};
/* End PBXSourcesBuildPhase section */

/* Begin PBXTargetDependency section */
		C57CF7871FCFAA29009237DF /* PBXTargetDependency */ = {
			isa = PBXTargetDependency;
			target = C57CF76C1FCFAA29009237DF /* zhonxinV2 */;
			targetProxy = C57CF7861FCFAA29009237DF /* PBXContainerItemProxy */;
		};
		C57CF7921FCFAA29009237DF /* PBXTargetDependency */ = {
			isa = PBXTargetDependency;
			target = C57CF76C1FCFAA29009237DF /* zhonxinV2 */;
			targetProxy = C57CF7911FCFAA29009237DF /* PBXContainerItemProxy */;
		};
/* End PBXTargetDependency section */

/* Begin PBXVariantGroup section */
		C57CF7761FCFAA29009237DF /* Main.storyboard */ = {
			isa = PBXVariantGroup;
			children = (
				C57CF7771FCFAA29009237DF /* Base */,
			);
			name = Main.storyboard;
			sourceTree = "<group>";
		};
		C57CF77B1FCFAA29009237DF /* LaunchScreen.storyboard */ = {
			isa = PBXVariantGroup;
			children = (
				C57CF77C1FCFAA29009237DF /* Base */,
			);
			name = LaunchScreen.storyboard;
			sourceTree = "<group>";
		};
/* End PBXVariantGroup section */

/* Begin XCBuildConfiguration section */
		C57CF7971FCFAA29009237DF /* Debug */ = {
			isa = XCBuildConfiguration;
			buildSettings = {
				ALWAYS_SEARCH_USER_PATHS = NO;
				CLANG_ANALYZER_NONNULL = YES;
				CLANG_ANALYZER_NUMBER_OBJECT_CONVERSION = YES_AGGRESSIVE;
				CLANG_CXX_LANGUAGE_STANDARD = "gnu++14";
				CLANG_CXX_LIBRARY = "libc++";
				CLANG_ENABLE_MODULES = YES;
				CLANG_ENABLE_OBJC_ARC = YES;
				CLANG_WARN_BLOCK_CAPTURE_AUTORELEASING = YES;
				CLANG_WARN_BOOL_CONVERSION = YES;
				CLANG_WARN_COMMA = YES;
				CLANG_WARN_CONSTANT_CONVERSION = YES;
				CLANG_WARN_DIRECT_OBJC_ISA_USAGE = YES_ERROR;
				CLANG_WARN_DOCUMENTATION_COMMENTS = YES;
				CLANG_WARN_EMPTY_BODY = YES;
				CLANG_WARN_ENUM_CONVERSION = YES;
				CLANG_WARN_INFINITE_RECURSION = YES;
				CLANG_WARN_INT_CONVERSION = YES;
				CLANG_WARN_NON_LITERAL_NULL_CONVERSION = YES;
				CLANG_WARN_OBJC_LITERAL_CONVERSION = YES;
				CLANG_WARN_OBJC_ROOT_CLASS = YES_ERROR;
				CLANG_WARN_RANGE_LOOP_ANALYSIS = YES;
				CLANG_WARN_STRICT_PROTOTYPES = YES;
				CLANG_WARN_SUSPICIOUS_MOVE = YES;
				CLANG_WARN_UNGUARDED_AVAILABILITY = YES_AGGRESSIVE;
				CLANG_WARN_UNREACHABLE_CODE = YES;
				CLANG_WARN__DUPLICATE_METHOD_MATCH = YES;
				CODE_SIGN_IDENTITY = "iPhone Developer";
				COPY_PHASE_STRIP = NO;
				DEBUG_INFORMATION_FORMAT = dwarf;
				ENABLE_STRICT_OBJC_MSGSEND = YES;
				ENABLE_TESTABILITY = YES;
				GCC_C_LANGUAGE_STANDARD = gnu11;
				GCC_DYNAMIC_NO_PIC = NO;
				GCC_NO_COMMON_BLOCKS = YES;
				GCC_OPTIMIZATION_LEVEL = 0;
				GCC_PREPROCESSOR_DEFINITIONS = (
					"DEBUG=1",
					"$(inherited)",
				);
				GCC_WARN_64_TO_32_BIT_CONVERSION = YES;
				GCC_WARN_ABOUT_RETURN_TYPE = YES_ERROR;
				GCC_WARN_UNDECLARED_SELECTOR = YES;
				GCC_WARN_UNINITIALIZED_AUTOS = YES_AGGRESSIVE;
				GCC_WARN_UNUSED_FUNCTION = YES;
				GCC_WARN_UNUSED_VARIABLE = YES;
				IPHONEOS_DEPLOYMENT_TARGET = 11.1;
				MTL_ENABLE_DEBUG_INFO = YES;
				ONLY_ACTIVE_ARCH = YES;
				SDKROOT = iphoneos;
			};
			name = Debug;
		};
		C57CF7981FCFAA29009237DF /* Release */ = {
			isa = XCBuildConfiguration;
			buildSettings = {
				ALWAYS_SEARCH_USER_PATHS = NO;
				CLANG_ANALYZER_NONNULL = YES;
				CLANG_ANALYZER_NUMBER_OBJECT_CONVERSION = YES_AGGRESSIVE;
				CLANG_CXX_LANGUAGE_STANDARD = "gnu++14";
				CLANG_CXX_LIBRARY = "libc++";
				CLANG_ENABLE_MODULES = YES;
				CLANG_ENABLE_OBJC_ARC = YES;
				CLANG_WARN_BLOCK_CAPTURE_AUTORELEASING = YES;
				CLANG_WARN_BOOL_CONVERSION = YES;
				CLANG_WARN_COMMA = YES;
				CLANG_WARN_CONSTANT_CONVERSION = YES;
				CLANG_WARN_DIRECT_OBJC_ISA_USAGE = YES_ERROR;
				CLANG_WARN_DOCUMENTATION_COMMENTS = YES;
				CLANG_WARN_EMPTY_BODY = YES;
				CLANG_WARN_ENUM_CONVERSION = YES;
				CLANG_WARN_INFINITE_RECURSION = YES;
				CLANG_WARN_INT_CONVERSION = YES;
				CLANG_WARN_NON_LITERAL_NULL_CONVERSION = YES;
				CLANG_WARN_OBJC_LITERAL_CONVERSION = YES;
				CLANG_WARN_OBJC_ROOT_CLASS = YES_ERROR;
				CLANG_WARN_RANGE_LOOP_ANALYSIS = YES;
				CLANG_WARN_STRICT_PROTOTYPES = YES;
				CLANG_WARN_SUSPICIOUS_MOVE = YES;
				CLANG_WARN_UNGUARDED_AVAILABILITY = YES_AGGRESSIVE;
				CLANG_WARN_UNREACHABLE_CODE = YES;
				CLANG_WARN__DUPLICATE_METHOD_MATCH = YES;
				CODE_SIGN_IDENTITY = "iPhone Developer";
				COPY_PHASE_STRIP = NO;
				DEBUG_INFORMATION_FORMAT = "dwarf-with-dsym";
				ENABLE_NS_ASSERTIONS = NO;
				ENABLE_STRICT_OBJC_MSGSEND = YES;
				GCC_C_LANGUAGE_STANDARD = gnu11;
				GCC_NO_COMMON_BLOCKS = YES;
				GCC_WARN_64_TO_32_BIT_CONVERSION = YES;
				GCC_WARN_ABOUT_RETURN_TYPE = YES_ERROR;
				GCC_WARN_UNDECLARED_SELECTOR = YES;
				GCC_WARN_UNINITIALIZED_AUTOS = YES_AGGRESSIVE;
				GCC_WARN_UNUSED_FUNCTION = YES;
				GCC_WARN_UNUSED_VARIABLE = YES;
				IPHONEOS_DEPLOYMENT_TARGET = 11.1;
				MTL_ENABLE_DEBUG_INFO = NO;
				SDKROOT = iphoneos;
				VALIDATE_PRODUCT = YES;
			};
			name = Release;
		};
		C57CF79A1FCFAA29009237DF /* Debug */ = {
			isa = XCBuildConfiguration;
			buildSettings = {
				ASSETCATALOG_COMPILER_APPICON_NAME = AppIcon;
				CODE_SIGN_STYLE = Automatic;
				INFOPLIST_FILE = zhonxinV2/Info.plist;
				LD_RUNPATH_SEARCH_PATHS = "$(inherited) @executable_path/Frameworks";
				PRODUCT_BUNDLE_IDENTIFIER = xdh.zhonxinV2;
				PRODUCT_NAME = "$(TARGET_NAME)";
				TARGETED_DEVICE_FAMILY = "1,2";
			};
			name = Debug;
		};
		C57CF79B1FCFAA29009237DF /* Release */ = {
			isa = XCBuildConfiguration;
			buildSettings = {
				ASSETCATALOG_COMPILER_APPICON_NAME = AppIcon;
				CODE_SIGN_STYLE = Automatic;
				INFOPLIST_FILE = zhonxinV2/Info.plist;
				LD_RUNPATH_SEARCH_PATHS = "$(inherited) @executable_path/Frameworks";
				PRODUCT_BUNDLE_IDENTIFIER = xdh.zhonxinV2;
				PRODUCT_NAME = "$(TARGET_NAME)";
				TARGETED_DEVICE_FAMILY = "1,2";
			};
			name = Release;
		};
		C57CF79D1FCFAA29009237DF /* Debug */ = {
			isa = XCBuildConfiguration;
			buildSettings = {
				BUNDLE_LOADER = "$(TEST_HOST)";
				CODE_SIGN_STYLE = Automatic;
				INFOPLIST_FILE = zhonxinV2Tests/Info.plist;
				LD_RUNPATH_SEARCH_PATHS = "$(inherited) @executable_path/Frameworks @loader_path/Frameworks";
				PRODUCT_BUNDLE_IDENTIFIER = xdh.zhonxinV2Tests;
				PRODUCT_NAME = "$(TARGET_NAME)";
				TARGETED_DEVICE_FAMILY = "1,2";
				TEST_HOST = "$(BUILT_PRODUCTS_DIR)/zhonxinV2.app/zhonxinV2";
			};
			name = Debug;
		};
		C57CF79E1FCFAA29009237DF /* Release */ = {
			isa = XCBuildConfiguration;
			buildSettings = {
				BUNDLE_LOADER = "$(TEST_HOST)";
				CODE_SIGN_STYLE = Automatic;
				INFOPLIST_FILE = zhonxinV2Tests/Info.plist;
				LD_RUNPATH_SEARCH_PATHS = "$(inherited) @executable_path/Frameworks @loader_path/Frameworks";
				PRODUCT_BUNDLE_IDENTIFIER = xdh.zhonxinV2Tests;
				PRODUCT_NAME = "$(TARGET_NAME)";
				TARGETED_DEVICE_FAMILY = "1,2";
				TEST_HOST = "$(BUILT_PRODUCTS_DIR)/zhonxinV2.app/zhonxinV2";
			};
			name = Release;
		};
		C57CF7A01FCFAA29009237DF /* Debug */ = {
			isa = XCBuildConfiguration;
			buildSettings = {
				CODE_SIGN_STYLE = Automatic;
				INFOPLIST_FILE = zhonxinV2UITests/Info.plist;
				LD_RUNPATH_SEARCH_PATHS = "$(inherited) @executable_path/Frameworks @loader_path/Frameworks";
				PRODUCT_BUNDLE_IDENTIFIER = xdh.zhonxinV2UITests;
				PRODUCT_NAME = "$(TARGET_NAME)";
				TARGETED_DEVICE_FAMILY = "1,2";
				TEST_TARGET_NAME = zhonxinV2;
			};
			name = Debug;
		};
		C57CF7A11FCFAA29009237DF /* Release */ = {
			isa = XCBuildConfiguration;
			buildSettings = {
				CODE_SIGN_STYLE = Automatic;
				INFOPLIST_FILE = zhonxinV2UITests/Info.plist;
				LD_RUNPATH_SEARCH_PATHS = "$(inherited) @executable_path/Frameworks @loader_path/Frameworks";
				PRODUCT_BUNDLE_IDENTIFIER = xdh.zhonxinV2UITests;
				PRODUCT_NAME = "$(TARGET_NAME)";
				TARGETED_DEVICE_FAMILY = "1,2";
				TEST_TARGET_NAME = zhonxinV2;
			};
			name = Release;
		};
/* End XCBuildConfiguration section */

/* Begin XCConfigurationList section */
		C57CF7681FCFAA29009237DF /* Build configuration list for PBXProject "zhonxinV2" */ = {
			isa = XCConfigurationList;
			buildConfigurations = (
				C57CF7971FCFAA29009237DF /* Debug */,
				C57CF7981FCFAA29009237DF /* Release */,
			);
			defaultConfigurationIsVisible = 0;
			defaultConfigurationName = Release;
		};
		C57CF7991FCFAA29009237DF /* Build configuration list for PBXNativeTarget "zhonxinV2" */ = {
			isa = XCConfigurationList;
			buildConfigurations = (
				C57CF79A1FCFAA29009237DF /* Debug */,
				C57CF79B1FCFAA29009237DF /* Release */,
			);
			defaultConfigurationIsVisible = 0;
			defaultConfigurationName = Release;
		};
		C57CF79C1FCFAA29009237DF /* Build configuration list for PBXNativeTarget "zhonxinV2Tests" */ = {
			isa = XCConfigurationList;
			buildConfigurations = (
				C57CF79D1FCFAA29009237DF /* Debug */,
				C57CF79E1FCFAA29009237DF /* Release */,
			);
			defaultConfigurationIsVisible = 0;
			defaultConfigurationName = Release;
		};
		C57CF79F1FCFAA29009237DF /* Build configuration list for PBXNativeTarget "zhonxinV2UITests" */ = {
			isa = XCConfigurationList;
			buildConfigurations = (
				C57CF7A01FCFAA29009237DF /* Debug */,
				C57CF7A11FCFAA29009237DF /* Release */,
			);
			defaultConfigurationIsVisible = 0;
			defaultConfigurationName = Release;
		};
/* End XCConfigurationList section */
	};
	rootObject = C57CF7651FCFAA29009237DF /* Project object */;
}
